Microsoft Visual Studio Solution File, Format Version 11.00
# Visual Studio 2008

Project("{BAAA9BFB-0FE9-0910-FCCF-D4070D3558E5}") = "Unity_Move_Learn_1", "Assembly-CSharp.csproj", "{CD8A5F82-79E8-2998-2EA5-53C29E430A73}"
EndProject
Global
	GlobalSection(SolutionConfigurationPlatforms) = preSolution
		Debug|Any CPU = Debug|Any CPU
		Release|Any CPU = Release|Any CPU
	EndGlobalSection
	GlobalSection(ProjectConfigurationPlatforms) = postSolution
		{CD8A5F82-79E8-2998-2EA5-53C29E430A73}.Debug|Any CPU.ActiveCfg = Debug|Any CPU
		{CD8A5F82-79E8-2998-2EA5-53C29E430A73}.Debug|Any CPU.Build.0 = Debug|Any CPU
		{CD8A5F82-79E8-2998-2EA5-53C29E430A73}.Release|Any CPU.ActiveCfg = Release|Any CPU
		{CD8A5F82-79E8-2998-2EA5-53C29E430A73}.Release|Any CPU.Build.0 = Release|Any CPU
	EndGlobalSection
	GlobalSection(SolutionProperties) = preSolution
		HideSolutionNode = FALSE
	EndGlobalSection
	GlobalSection(MonoDevelopProperties) = preSolution
		StartupItem = Assembly-CSharp.csproj
	EndGlobalSection
EndGlobal
